Microsoft Visual Studio Solution File, Format Version 12.00
# Visual Studio Version 17
VisualStudioVersion = 17.5.2.0
MinimumVisualStudioVersion = 10.0.40219.1
Project("{FAE04EC0-301F-11D3-BF4B-00C04F79EFBC}") = "05-Longest-Palindromic-Substring", "05-Longest-Palindromic-Substring.csproj", "{168C80DE-430D-F16A-6D46-FA2E1B72342A}"
EndProject
Global
	GlobalSection(SolutionConfigurationPlatforms) = preSolution
		Debug|Any CPU = Debug|Any CPU
		Release|Any CPU = Release|Any CPU
	EndGlobalSection
	GlobalSection(ProjectConfigurationPlatforms) = postSolution
		{168C80DE-430D-F16A-6D46-FA2E1B72342A}.Debug|Any CPU.ActiveCfg = Debug|Any CPU
		{168C80DE-430D-F16A-6D46-FA2E1B72342A}.Debug|Any CPU.Build.0 = Debug|Any CPU
		{168C80DE-430D-F16A-6D46-FA2E1B72342A}.Release|Any CPU.ActiveCfg = Release|Any CPU
		{168C80DE-430D-F16A-6D46-FA2E1B72342A}.Release|Any CPU.Build.0 = Release|Any CPU
	EndGlobalSection
	GlobalSection(SolutionProperties) = preSolution
		HideSolutionNode = FALSE
	EndGlobalSection
	GlobalSection(ExtensibilityGlobals) = postSolution
		SolutionGuid = {7C09AEDA-1BB0-4B02-921C-539475F64A6E}
	EndGlobalSection
EndGlobal
