Microsoft Visual Studio Solution File, Format Version 12.00
# Visual Studio Version 17
VisualStudioVersion = 17.5.2.0
MinimumVisualStudioVersion = 10.0.40219.1
Project("{FAE04EC0-301F-11D3-BF4B-00C04F79EFBC}") = "0121-Best-Time-To-Buy-And-Sell-Stock", "0121-Best-Time-To-Buy-And-Sell-Stock.csproj", "{6111BC33-ED55-8DA4-7FE0-F890305780EA}"
EndProject
Global
	GlobalSection(SolutionConfigurationPlatforms) = preSolution
		Debug|Any CPU = Debug|Any CPU
		Release|Any CPU = Release|Any CPU
	EndGlobalSection
	GlobalSection(ProjectConfigurationPlatforms) = postSolution
		{6111BC33-ED55-8DA4-7FE0-F890305780EA}.Debug|Any CPU.ActiveCfg = Debug|Any CPU
		{6111BC33-ED55-8DA4-7FE0-F890305780EA}.Debug|Any CPU.Build.0 = Debug|Any CPU
		{6111BC33-ED55-8DA4-7FE0-F890305780EA}.Release|Any CPU.ActiveCfg = Release|Any CPU
		{6111BC33-ED55-8DA4-7FE0-F890305780EA}.Release|Any CPU.Build.0 = Release|Any CPU
	EndGlobalSection
	GlobalSection(SolutionProperties) = preSolution
		HideSolutionNode = FALSE
	EndGlobalSection
	GlobalSection(ExtensibilityGlobals) = postSolution
		SolutionGuid = {54B880B0-8B4A-4460-84D4-94BF5DE3D85D}
	EndGlobalSection
EndGlobal
